
Microsoft Visual Studio Solution File, Format Version 12.00
# Visual Studio Version 16
VisualStudioVersion = 16.0.28803.452
MinimumVisualStudioVersion = 10.0.40219.1
Project("{FAE04EC0-301F-11D3-BF4B-00C04F79EFBC}") = "FlickrMetadataDL", "FlickrMetadataDL.csproj", "{316FAF15-40C4-44CF-AB90-8E1126C1FC1D}"
EndProject
Global
	GlobalSection(SolutionConfigurationPlatforms) = preSolution
		Debug|Any CPU = Debug|Any CPU
		Release|Any CPU = Release|Any CPU
	EndGlobalSection
	GlobalSection(ProjectConfigurationPlatforms) = postSolution
		{316FAF15-40C4-44CF-AB90-8E1126C1FC1D}.Debug|Any CPU.ActiveCfg = Debug|Any CPU
		{316FAF15-40C4-44CF-AB90-8E1126C1FC1D}.Debug|Any CPU.Build.0 = Debug|Any CPU
		{316FAF15-40C4-44CF-AB90-8E1126C1FC1D}.Release|Any CPU.ActiveCfg = Release|Any CPU
		{316FAF15-40C4-44CF-AB90-8E1126C1FC1D}.Release|Any CPU.Build.0 = Release|Any CPU
	EndGlobalSection
	GlobalSection(SolutionProperties) = preSolution
		HideSolutionNode = FALSE
	EndGlobalSection
	GlobalSection(ExtensibilityGlobals) = postSolution
		SolutionGuid = {C279DF2F-DE44-45CF-B172-1C6076CED85A}
	EndGlobalSection
EndGlobal
